
Microsoft Visual Studio Solution File, Format Version 12.00
# Visual Studio Version 17
VisualStudioVersion = 17.11.35222.181
MinimumVisualStudioVersion = 10.0.40219.1
Project("{FAE04EC0-301F-11D3-BF4B-00C04F79EFBC}") = "DotNETChallengeParkingSystem", "DotNETChallengeParkingSystem\DotNETChallengeParkingSystem.csproj", "{03B569D9-7382-42D7-B141-4B9D37E8A5DD}"
EndProject
Global
	GlobalSection(SolutionConfigurationPlatforms) = preSolution
		Debug|Any CPU = Debug|Any CPU
		Release|Any CPU = Release|Any CPU
	EndGlobalSection
	GlobalSection(ProjectConfigurationPlatforms) = postSolution
		{03B569D9-7382-42D7-B141-4B9D37E8A5DD}.Debug|Any CPU.ActiveCfg = Debug|Any CPU
		{03B569D9-7382-42D7-B141-4B9D37E8A5DD}.Debug|Any CPU.Build.0 = Debug|Any CPU
		{03B569D9-7382-42D7-B141-4B9D37E8A5DD}.Release|Any CPU.ActiveCfg = Release|Any CPU
		{03B569D9-7382-42D7-B141-4B9D37E8A5DD}.Release|Any CPU.Build.0 = Release|Any CPU
	EndGlobalSection
	GlobalSection(SolutionProperties) = preSolution
		HideSolutionNode = FALSE
	EndGlobalSection
	GlobalSection(ExtensibilityGlobals) = postSolution
		SolutionGuid = {0B42F8DC-9A14-42B8-B87F-75DFA464E665}
	EndGlobalSection
EndGlobal
